<?xml version="1.0" encoding="utf-8"?>
<Project ToolsVersion="4.0" xmlns="http://schemas.microsoft.com/developer/msbuild/2003">
  <ItemGroup>
    <ClCompile Include="animal.cpp" />
    <ClCompile Include="blockinfo.cpp" />
    <ClCompile Include="bullet.cpp" />
    <ClCompile Include="chunk.cpp" />
    <ClCompile Include="chunkmesh.cpp" />
    <ClCompile Include="engine.cpp" />
    <ClCompile Include="gun.cpp" />
    <ClCompile Include="main.cpp" />
    <ClCompile Include="character.cpp" />
    <ClCompile Include="menu.cpp" />
    <ClCompile Include="monster.cpp" />
    <ClCompile Include="model3d.cpp" />
    <ClCompile Include="networkManager.cpp" />
    <ClCompile Include="openglcontext.cpp" />
    <ClCompile Include="parametre.cpp" />
    <ClCompile Include="player.cpp" />
    <ClCompile Include="playerActor.cpp" />
    <ClCompile Include="shader.cpp" />
    <ClCompile Include="simplexnoise.cpp" />
    <ClCompile Include="sound.cpp" />
    <ClCompile Include="texture.cpp" />
    <ClCompile Include="textureatlas.cpp" />
    <ClCompile Include="tool.cpp" />
    <ClCompile Include="world.cpp" />
    <ClCompile Include="item.cpp" />
    <ClCompile Include="inventory.cpp" />
    <ClCompile Include="bear.cpp" />
    <ClCompile Include="cow.cpp" />
    <ClCompile Include="creeper.cpp" />
  </ItemGroup>
  <ItemGroup>
    <ClInclude Include="animal.h" />
    <ClInclude Include="array2d.h" />
    <ClInclude Include="array3d.h" />
    <ClInclude Include="blockinfo.h" />
    <ClInclude Include="bullet.h" />
    <ClInclude Include="chunk.h" />
    <ClInclude Include="chunkmesh.h" />
    <ClInclude Include="define.h" />
    <ClInclude Include="engine.h" />
    <ClInclude Include="character.h" />
    <ClInclude Include="gun.h" />
    <ClInclude Include="Inventory.h" />
    <ClInclude Include="item.h" />
    <ClInclude Include="menu.h" />
    <ClInclude Include="parametre.h" />
    <ClInclude Include="monster.h" />
    <ClInclude Include="model3d.h" />
    <ClInclude Include="networkManager.h" />
    <ClInclude Include="openglcontext.h" />
    <ClInclude Include="player.h" />
    <ClInclude Include="playerActor.h" />
    <ClInclude Include="shader.h" />
    <ClInclude Include="simplexnoise.h" />
    <ClInclude Include="sound.h" />
    <ClInclude Include="texture.h" />
    <ClInclude Include="textureatlas.h" />
    <ClInclude Include="tool.h" />
    <ClInclude Include="vector3.h" />
    <ClInclude Include="world.h" />
    <ClInclude Include="bear.h" />
    <ClInclude Include="cow.h" />
    <ClInclude Include="creeper.h" />
  </ItemGroup>
  <ItemGroup>
    <None Include="Cube.conf" />
  </ItemGroup>
</Project>